
Microsoft Visual Studio Solution File, Format Version 12.00
# Visual Studio Version 16
VisualStudioVersion = 16.0.32126.315
MinimumVisualStudioVersion = 10.0.40219.1
Project("{9A19103F-16F7-4668-BE54-9A1E7A4F7556}") = "ChaosDbg.MSBuild", "src\Tools\ChaosDbg.MSBuild\ChaosDbg.MSBuild.csproj", "{B727A6DC-1F14-496E-BDF4-3B18000366B3}"
EndProject
Project("{FAE04EC0-301F-11D3-BF4B-00C04F79EFBC}") = "ChaosDbg.Tools.Tests", "src\Tools\ChaosDbg.Tools.Tests\ChaosDbg.Tools.Tests.csproj", "{49CC20F8-4C66-41E1-935E-8525FB279A7A}"
EndProject
Global
	GlobalSection(SolutionConfigurationPlatforms) = preSolution
		Debug|Any CPU = Debug|Any CPU
		Release|Any CPU = Release|Any CPU
	EndGlobalSection
	GlobalSection(ProjectConfigurationPlatforms) = postSolution
		{B727A6DC-1F14-496E-BDF4-3B18000366B3}.Debug|Any CPU.ActiveCfg = Debug|Any CPU
		{B727A6DC-1F14-496E-BDF4-3B18000366B3}.Debug|Any CPU.Build.0 = Debug|Any CPU
		{B727A6DC-1F14-496E-BDF4-3B18000366B3}.Release|Any CPU.ActiveCfg = Release|Any CPU
		{B727A6DC-1F14-496E-BDF4-3B18000366B3}.Release|Any CPU.Build.0 = Release|Any CPU
		{49CC20F8-4C66-41E1-935E-8525FB279A7A}.Debug|Any CPU.ActiveCfg = Debug|Any CPU
		{49CC20F8-4C66-41E1-935E-8525FB279A7A}.Debug|Any CPU.Build.0 = Debug|Any CPU
		{49CC20F8-4C66-41E1-935E-8525FB279A7A}.Release|Any CPU.ActiveCfg = Release|Any CPU
		{49CC20F8-4C66-41E1-935E-8525FB279A7A}.Release|Any CPU.Build.0 = Release|Any CPU
	EndGlobalSection
	GlobalSection(SolutionProperties) = preSolution
		HideSolutionNode = FALSE
	EndGlobalSection
	GlobalSection(ExtensibilityGlobals) = postSolution
		SolutionGuid = {9F79BEA8-7B81-4854-985B-80E50148B606}
	EndGlobalSection
EndGlobal
