
Microsoft Visual Studio Solution File, Format Version 12.00
# Visual Studio Version 16
VisualStudioVersion = 16.0.32126.315
MinimumVisualStudioVersion = 10.0.40219.1
Project("{9A19103F-16F7-4668-BE54-9A1E7A4F7556}") = "ChaosDbg", "src\ChaosDbg\ChaosDbg.csproj", "{BB1BEE98-15F8-40D8-B8F3-13D02DF61856}"
EndProject
Project("{9A19103F-16F7-4668-BE54-9A1E7A4F7556}") = "ChaosDbg.Engine", "src\ChaosDbg.Engine\ChaosDbg.Engine.csproj", "{14EB146E-9F40-44F5-9C85-5F9A4E7E13ED}"
EndProject
Project("{9A19103F-16F7-4668-BE54-9A1E7A4F7556}") = "ChaosDbg.Tests", "src\ChaosDbg.Tests\ChaosDbg.Tests.csproj", "{4B2014D7-04BF-4103-881B-64F0B2347397}"
	ProjectSection(ProjectDependencies) = postProject
		{3604A798-6634-4ACE-B45C-AB1410EDA1CF} = {3604A798-6634-4ACE-B45C-AB1410EDA1CF}
		{F0256BF0-C2FC-4E77-A0A1-E321B3859C47} = {F0256BF0-C2FC-4E77-A0A1-E321B3859C47}
		{5FC9B1FB-8F05-4F46-9355-B979E7AC24C4} = {5FC9B1FB-8F05-4F46-9355-B979E7AC24C4}
	EndProjectSection
EndProject
Project("{2150E333-8FDC-42A3-9474-1A3956D46DE8}") = "Solution Items", "Solution Items", "{B59D2025-ED8A-49F1-AF72-BEE25FF5864B}"
	ProjectSection(SolutionItems) = preProject
		.editorconfig = .editorconfig
		build\ChaosLib.props = build\ChaosLib.props
		build\ClrDebug.props = build\ClrDebug.props
		src\Directory.Build.props = src\Directory.Build.props
		build\SingleFile.targets = build\SingleFile.targets
		build\TerminateLockingProcesses.targets = build\TerminateLockingProcesses.targets
		build\VsDock.props = build\VsDock.props
	EndProjectSection
EndProject
Project("{2150E333-8FDC-42A3-9474-1A3956D46DE8}") = "build", "build", "{285EA220-1484-4F14-B9B3-EECD1A26D7BC}"
	ProjectSection(SolutionItems) = preProject
		build\ChaosLib.props = build\ChaosLib.props
		build\ClrDebug.props = build\ClrDebug.props
		build\SingleFile.targets = build\SingleFile.targets
	EndProjectSection
EndProject
Project("{9A19103F-16F7-4668-BE54-9A1E7A4F7556}") = "chaos", "src\chaos\chaos.csproj", "{B7CA3B2B-F6BE-46DB-9B3D-B71B9F4714C1}"
	ProjectSection(ProjectDependencies) = postProject
		{F04FE7A7-10FA-4812-BD0C-CB1288477ED4} = {F04FE7A7-10FA-4812-BD0C-CB1288477ED4}
	EndProjectSection
EndProject
Project("{9A19103F-16F7-4668-BE54-9A1E7A4F7556}") = "Managed.x86", "src\TestApp\Managed.x86\Managed.x86.csproj", "{3604A798-6634-4ACE-B45C-AB1410EDA1CF}"
EndProject
Project("{9A19103F-16F7-4668-BE54-9A1E7A4F7556}") = "Managed.x64", "src\TestApp\Managed.x64\Managed.x64.csproj", "{F994BB72-D1B7-490F-88EE-6FD6232F5B85}"
EndProject
Project("{2150E333-8FDC-42A3-9474-1A3956D46DE8}") = "TestApp", "TestApp", "{2F98764E-5200-4A60-AD4D-0CA42668B051}"
EndProject
Project("{8BC9CEB8-8B4A-11D0-8D11-00A0C91BC942}") = "Native.x86", "src\TestApp\Native.x86\Native.x86.vcxproj", "{5FC9B1FB-8F05-4F46-9355-B979E7AC24C4}"
	ProjectSection(ProjectDependencies) = postProject
		{3604A798-6634-4ACE-B45C-AB1410EDA1CF} = {3604A798-6634-4ACE-B45C-AB1410EDA1CF}
	EndProjectSection
EndProject
Project("{8BC9CEB8-8B4A-11D0-8D11-00A0C91BC942}") = "Native.x64", "src\TestApp\Native.x64\Native.x64.vcxproj", "{F0256BF0-C2FC-4E77-A0A1-E321B3859C47}"
	ProjectSection(ProjectDependencies) = postProject
		{F994BB72-D1B7-490F-88EE-6FD6232F5B85} = {F994BB72-D1B7-490F-88EE-6FD6232F5B85}
	EndProjectSection
EndProject
Project("{9A19103F-16F7-4668-BE54-9A1E7A4F7556}") = "ChaosLib", "..\ChaosLib\src\ChaosLib\ChaosLib.csproj", "{F04FE7A7-10FA-4812-BD0C-CB1288477ED4}"
EndProject
Global
	GlobalSection(SolutionConfigurationPlatforms) = preSolution
		Debug|Any CPU = Debug|Any CPU
		Debug|x64 = Debug|x64
		Debug|x86 = Debug|x86
		Release|Any CPU = Release|Any CPU
		Release|x64 = Release|x64
		Release|x86 = Release|x86
	EndGlobalSection
	GlobalSection(ProjectConfigurationPlatforms) = postSolution
		{BB1BEE98-15F8-40D8-B8F3-13D02DF61856}.Debug|Any CPU.ActiveCfg = Debug|Any CPU
		{BB1BEE98-15F8-40D8-B8F3-13D02DF61856}.Debug|Any CPU.Build.0 = Debug|Any CPU
		{BB1BEE98-15F8-40D8-B8F3-13D02DF61856}.Debug|x64.ActiveCfg = Debug|Any CPU
		{BB1BEE98-15F8-40D8-B8F3-13D02DF61856}.Debug|x64.Build.0 = Debug|Any CPU
		{BB1BEE98-15F8-40D8-B8F3-13D02DF61856}.Debug|x86.ActiveCfg = Debug|Any CPU
		{BB1BEE98-15F8-40D8-B8F3-13D02DF61856}.Debug|x86.Build.0 = Debug|Any CPU
		{BB1BEE98-15F8-40D8-B8F3-13D02DF61856}.Release|Any CPU.ActiveCfg = Release|Any CPU
		{BB1BEE98-15F8-40D8-B8F3-13D02DF61856}.Release|Any CPU.Build.0 = Release|Any CPU
		{BB1BEE98-15F8-40D8-B8F3-13D02DF61856}.Release|x64.ActiveCfg = Release|Any CPU
		{BB1BEE98-15F8-40D8-B8F3-13D02DF61856}.Release|x64.Build.0 = Release|Any CPU
		{BB1BEE98-15F8-40D8-B8F3-13D02DF61856}.Release|x86.ActiveCfg = Release|Any CPU
		{BB1BEE98-15F8-40D8-B8F3-13D02DF61856}.Release|x86.Build.0 = Release|Any CPU
		{14EB146E-9F40-44F5-9C85-5F9A4E7E13ED}.Debug|Any CPU.ActiveCfg = Debug|Any CPU
		{14EB146E-9F40-44F5-9C85-5F9A4E7E13ED}.Debug|Any CPU.Build.0 = Debug|Any CPU
		{14EB146E-9F40-44F5-9C85-5F9A4E7E13ED}.Debug|x64.ActiveCfg = Debug|Any CPU
		{14EB146E-9F40-44F5-9C85-5F9A4E7E13ED}.Debug|x64.Build.0 = Debug|Any CPU
		{14EB146E-9F40-44F5-9C85-5F9A4E7E13ED}.Debug|x86.ActiveCfg = Debug|Any CPU
		{14EB146E-9F40-44F5-9C85-5F9A4E7E13ED}.Debug|x86.Build.0 = Debug|Any CPU
		{14EB146E-9F40-44F5-9C85-5F9A4E7E13ED}.Release|Any CPU.ActiveCfg = Release|Any CPU
		{14EB146E-9F40-44F5-9C85-5F9A4E7E13ED}.Release|Any CPU.Build.0 = Release|Any CPU
		{14EB146E-9F40-44F5-9C85-5F9A4E7E13ED}.Release|x64.ActiveCfg = Release|Any CPU
		{14EB146E-9F40-44F5-9C85-5F9A4E7E13ED}.Release|x64.Build.0 = Release|Any CPU
		{14EB146E-9F40-44F5-9C85-5F9A4E7E13ED}.Release|x86.ActiveCfg = Release|Any CPU
		{14EB146E-9F40-44F5-9C85-5F9A4E7E13ED}.Release|x86.Build.0 = Release|Any CPU
		{4B2014D7-04BF-4103-881B-64F0B2347397}.Debug|Any CPU.ActiveCfg = Debug|Any CPU
		{4B2014D7-04BF-4103-881B-64F0B2347397}.Debug|Any CPU.Build.0 = Debug|Any CPU
		{4B2014D7-04BF-4103-881B-64F0B2347397}.Debug|x64.ActiveCfg = Debug|Any CPU
		{4B2014D7-04BF-4103-881B-64F0B2347397}.Debug|x64.Build.0 = Debug|Any CPU
		{4B2014D7-04BF-4103-881B-64F0B2347397}.Debug|x86.ActiveCfg = Debug|Any CPU
		{4B2014D7-04BF-4103-881B-64F0B2347397}.Debug|x86.Build.0 = Debug|Any CPU
		{4B2014D7-04BF-4103-881B-64F0B2347397}.Release|Any CPU.ActiveCfg = Release|Any CPU
		{4B2014D7-04BF-4103-881B-64F0B2347397}.Release|Any CPU.Build.0 = Release|Any CPU
		{4B2014D7-04BF-4103-881B-64F0B2347397}.Release|x64.ActiveCfg = Release|Any CPU
		{4B2014D7-04BF-4103-881B-64F0B2347397}.Release|x64.Build.0 = Release|Any CPU
		{4B2014D7-04BF-4103-881B-64F0B2347397}.Release|x86.ActiveCfg = Release|Any CPU
		{4B2014D7-04BF-4103-881B-64F0B2347397}.Release|x86.Build.0 = Release|Any CPU
		{B7CA3B2B-F6BE-46DB-9B3D-B71B9F4714C1}.Debug|Any CPU.ActiveCfg = Debug|Any CPU
		{B7CA3B2B-F6BE-46DB-9B3D-B71B9F4714C1}.Debug|Any CPU.Build.0 = Debug|Any CPU
		{B7CA3B2B-F6BE-46DB-9B3D-B71B9F4714C1}.Debug|x64.ActiveCfg = Debug|Any CPU
		{B7CA3B2B-F6BE-46DB-9B3D-B71B9F4714C1}.Debug|x64.Build.0 = Debug|Any CPU
		{B7CA3B2B-F6BE-46DB-9B3D-B71B9F4714C1}.Debug|x86.ActiveCfg = Debug|Any CPU
		{B7CA3B2B-F6BE-46DB-9B3D-B71B9F4714C1}.Debug|x86.Build.0 = Debug|Any CPU
		{B7CA3B2B-F6BE-46DB-9B3D-B71B9F4714C1}.Release|Any CPU.ActiveCfg = Release|Any CPU
		{B7CA3B2B-F6BE-46DB-9B3D-B71B9F4714C1}.Release|Any CPU.Build.0 = Release|Any CPU
		{B7CA3B2B-F6BE-46DB-9B3D-B71B9F4714C1}.Release|x64.ActiveCfg = Release|Any CPU
		{B7CA3B2B-F6BE-46DB-9B3D-B71B9F4714C1}.Release|x64.Build.0 = Release|Any CPU
		{B7CA3B2B-F6BE-46DB-9B3D-B71B9F4714C1}.Release|x86.ActiveCfg = Release|Any CPU
		{B7CA3B2B-F6BE-46DB-9B3D-B71B9F4714C1}.Release|x86.Build.0 = Release|Any CPU
		{3604A798-6634-4ACE-B45C-AB1410EDA1CF}.Debug|Any CPU.ActiveCfg = Debug|Any CPU
		{3604A798-6634-4ACE-B45C-AB1410EDA1CF}.Debug|Any CPU.Build.0 = Debug|Any CPU
		{3604A798-6634-4ACE-B45C-AB1410EDA1CF}.Debug|x64.ActiveCfg = Debug|Any CPU
		{3604A798-6634-4ACE-B45C-AB1410EDA1CF}.Debug|x64.Build.0 = Debug|Any CPU
		{3604A798-6634-4ACE-B45C-AB1410EDA1CF}.Debug|x86.ActiveCfg = Debug|Any CPU
		{3604A798-6634-4ACE-B45C-AB1410EDA1CF}.Debug|x86.Build.0 = Debug|Any CPU
		{3604A798-6634-4ACE-B45C-AB1410EDA1CF}.Release|Any CPU.ActiveCfg = Release|Any CPU
		{3604A798-6634-4ACE-B45C-AB1410EDA1CF}.Release|Any CPU.Build.0 = Release|Any CPU
		{3604A798-6634-4ACE-B45C-AB1410EDA1CF}.Release|x64.ActiveCfg = Release|Any CPU
		{3604A798-6634-4ACE-B45C-AB1410EDA1CF}.Release|x64.Build.0 = Release|Any CPU
		{3604A798-6634-4ACE-B45C-AB1410EDA1CF}.Release|x86.ActiveCfg = Release|Any CPU
		{3604A798-6634-4ACE-B45C-AB1410EDA1CF}.Release|x86.Build.0 = Release|Any CPU
		{F994BB72-D1B7-490F-88EE-6FD6232F5B85}.Debug|Any CPU.ActiveCfg = Debug|Any CPU
		{F994BB72-D1B7-490F-88EE-6FD6232F5B85}.Debug|Any CPU.Build.0 = Debug|Any CPU
		{F994BB72-D1B7-490F-88EE-6FD6232F5B85}.Debug|x64.ActiveCfg = Debug|Any CPU
		{F994BB72-D1B7-490F-88EE-6FD6232F5B85}.Debug|x64.Build.0 = Debug|Any CPU
		{F994BB72-D1B7-490F-88EE-6FD6232F5B85}.Debug|x86.ActiveCfg = Debug|Any CPU
		{F994BB72-D1B7-490F-88EE-6FD6232F5B85}.Debug|x86.Build.0 = Debug|Any CPU
		{F994BB72-D1B7-490F-88EE-6FD6232F5B85}.Release|Any CPU.ActiveCfg = Release|Any CPU
		{F994BB72-D1B7-490F-88EE-6FD6232F5B85}.Release|Any CPU.Build.0 = Release|Any CPU
		{F994BB72-D1B7-490F-88EE-6FD6232F5B85}.Release|x64.ActiveCfg = Release|Any CPU
		{F994BB72-D1B7-490F-88EE-6FD6232F5B85}.Release|x64.Build.0 = Release|Any CPU
		{F994BB72-D1B7-490F-88EE-6FD6232F5B85}.Release|x86.ActiveCfg = Release|Any CPU
		{F994BB72-D1B7-490F-88EE-6FD6232F5B85}.Release|x86.Build.0 = Release|Any CPU
		{5FC9B1FB-8F05-4F46-9355-B979E7AC24C4}.Debug|Any CPU.ActiveCfg = Debug|Win32
		{5FC9B1FB-8F05-4F46-9355-B979E7AC24C4}.Debug|Any CPU.Build.0 = Debug|Win32
		{5FC9B1FB-8F05-4F46-9355-B979E7AC24C4}.Debug|x64.ActiveCfg = Debug|Win32
		{5FC9B1FB-8F05-4F46-9355-B979E7AC24C4}.Debug|x86.ActiveCfg = Debug|Win32
		{5FC9B1FB-8F05-4F46-9355-B979E7AC24C4}.Debug|x86.Build.0 = Debug|Win32
		{5FC9B1FB-8F05-4F46-9355-B979E7AC24C4}.Release|Any CPU.ActiveCfg = Release|Win32
		{5FC9B1FB-8F05-4F46-9355-B979E7AC24C4}.Release|x64.ActiveCfg = Release|Win32
		{5FC9B1FB-8F05-4F46-9355-B979E7AC24C4}.Release|x86.ActiveCfg = Release|Win32
		{5FC9B1FB-8F05-4F46-9355-B979E7AC24C4}.Release|x86.Build.0 = Release|Win32
		{F0256BF0-C2FC-4E77-A0A1-E321B3859C47}.Debug|Any CPU.ActiveCfg = Debug|x64
		{F0256BF0-C2FC-4E77-A0A1-E321B3859C47}.Debug|Any CPU.Build.0 = Debug|x64
		{F0256BF0-C2FC-4E77-A0A1-E321B3859C47}.Debug|x64.ActiveCfg = Debug|x64
		{F0256BF0-C2FC-4E77-A0A1-E321B3859C47}.Debug|x86.ActiveCfg = Debug|x64
		{F0256BF0-C2FC-4E77-A0A1-E321B3859C47}.Release|Any CPU.ActiveCfg = Release|x64
		{F0256BF0-C2FC-4E77-A0A1-E321B3859C47}.Release|x64.ActiveCfg = Release|x64
		{F0256BF0-C2FC-4E77-A0A1-E321B3859C47}.Release|x86.ActiveCfg = Release|x64
		{F04FE7A7-10FA-4812-BD0C-CB1288477ED4}.Debug|Any CPU.ActiveCfg = Debug|Any CPU
		{F04FE7A7-10FA-4812-BD0C-CB1288477ED4}.Debug|Any CPU.Build.0 = Debug|Any CPU
		{F04FE7A7-10FA-4812-BD0C-CB1288477ED4}.Debug|x64.ActiveCfg = Debug|Any CPU
		{F04FE7A7-10FA-4812-BD0C-CB1288477ED4}.Debug|x64.Build.0 = Debug|Any CPU
		{F04FE7A7-10FA-4812-BD0C-CB1288477ED4}.Debug|x86.ActiveCfg = Debug|Any CPU
		{F04FE7A7-10FA-4812-BD0C-CB1288477ED4}.Debug|x86.Build.0 = Debug|Any CPU
		{F04FE7A7-10FA-4812-BD0C-CB1288477ED4}.Release|Any CPU.ActiveCfg = Release|Any CPU
		{F04FE7A7-10FA-4812-BD0C-CB1288477ED4}.Release|Any CPU.Build.0 = Release|Any CPU
		{F04FE7A7-10FA-4812-BD0C-CB1288477ED4}.Release|x64.ActiveCfg = Release|Any CPU
		{F04FE7A7-10FA-4812-BD0C-CB1288477ED4}.Release|x64.Build.0 = Release|Any CPU
		{F04FE7A7-10FA-4812-BD0C-CB1288477ED4}.Release|x86.ActiveCfg = Release|Any CPU
		{F04FE7A7-10FA-4812-BD0C-CB1288477ED4}.Release|x86.Build.0 = Release|Any CPU
	EndGlobalSection
	GlobalSection(SolutionProperties) = preSolution
		HideSolutionNode = FALSE
	EndGlobalSection
	GlobalSection(NestedProjects) = preSolution
		{3604A798-6634-4ACE-B45C-AB1410EDA1CF} = {2F98764E-5200-4A60-AD4D-0CA42668B051}
		{F994BB72-D1B7-490F-88EE-6FD6232F5B85} = {2F98764E-5200-4A60-AD4D-0CA42668B051}
		{5FC9B1FB-8F05-4F46-9355-B979E7AC24C4} = {2F98764E-5200-4A60-AD4D-0CA42668B051}
		{F0256BF0-C2FC-4E77-A0A1-E321B3859C47} = {2F98764E-5200-4A60-AD4D-0CA42668B051}
	EndGlobalSection
	GlobalSection(ExtensibilityGlobals) = postSolution
		SolutionGuid = {34565181-92F0-4157-8518-E9133EC10ED0}
	EndGlobalSection
EndGlobal
