
Microsoft Visual Studio Solution File, Format Version 12.00
# Visual Studio Version 16
VisualStudioVersion = 16.0.32126.315
MinimumVisualStudioVersion = 10.0.40219.1
Project("{9A19103F-16F7-4668-BE54-9A1E7A4F7556}") = "ChaosDbg", "src\ChaosDbg\ChaosDbg.csproj", "{BB1BEE98-15F8-40D8-B8F3-13D02DF61856}"
EndProject
Project("{9A19103F-16F7-4668-BE54-9A1E7A4F7556}") = "ChaosDbg.Engine", "src\ChaosDbg.Engine\ChaosDbg.Engine.csproj", "{14EB146E-9F40-44F5-9C85-5F9A4E7E13ED}"
EndProject
Project("{9A19103F-16F7-4668-BE54-9A1E7A4F7556}") = "ChaosDbg.Tests", "src\ChaosDbg.Tests\ChaosDbg.Tests.csproj", "{4B2014D7-04BF-4103-881B-64F0B2347397}"
EndProject
Project("{2150E333-8FDC-42A3-9474-1A3956D46DE8}") = "Solution Items", "Solution Items", "{B59D2025-ED8A-49F1-AF72-BEE25FF5864B}"
	ProjectSection(SolutionItems) = preProject
		.editorconfig = .editorconfig
		src\Directory.Build.props = src\Directory.Build.props
	EndProjectSection
EndProject
Project("{2150E333-8FDC-42A3-9474-1A3956D46DE8}") = "build", "build", "{285EA220-1484-4F14-B9B3-EECD1A26D7BC}"
	ProjectSection(SolutionItems) = preProject
		build\ChaosDbg.MSBuild.props = build\ChaosDbg.MSBuild.props
		build\ChaosDbg.MSBuild.targets = build\ChaosDbg.MSBuild.targets
		build\ChaosLib.props = build\ChaosLib.props
		build\ClrDebug.props = build\ClrDebug.props
	EndProjectSection
EndProject
Project("{9A19103F-16F7-4668-BE54-9A1E7A4F7556}") = "chaos", "src\chaos\chaos.csproj", "{B7CA3B2B-F6BE-46DB-9B3D-B71B9F4714C1}"
EndProject
Global
	GlobalSection(SolutionConfigurationPlatforms) = preSolution
		Debug|Any CPU = Debug|Any CPU
		Release|Any CPU = Release|Any CPU
	EndGlobalSection
	GlobalSection(ProjectConfigurationPlatforms) = postSolution
		{BB1BEE98-15F8-40D8-B8F3-13D02DF61856}.Debug|Any CPU.ActiveCfg = Debug|Any CPU
		{BB1BEE98-15F8-40D8-B8F3-13D02DF61856}.Debug|Any CPU.Build.0 = Debug|Any CPU
		{BB1BEE98-15F8-40D8-B8F3-13D02DF61856}.Release|Any CPU.ActiveCfg = Release|Any CPU
		{BB1BEE98-15F8-40D8-B8F3-13D02DF61856}.Release|Any CPU.Build.0 = Release|Any CPU
		{14EB146E-9F40-44F5-9C85-5F9A4E7E13ED}.Debug|Any CPU.ActiveCfg = Debug|Any CPU
		{14EB146E-9F40-44F5-9C85-5F9A4E7E13ED}.Debug|Any CPU.Build.0 = Debug|Any CPU
		{14EB146E-9F40-44F5-9C85-5F9A4E7E13ED}.Release|Any CPU.ActiveCfg = Release|Any CPU
		{14EB146E-9F40-44F5-9C85-5F9A4E7E13ED}.Release|Any CPU.Build.0 = Release|Any CPU
		{4B2014D7-04BF-4103-881B-64F0B2347397}.Debug|Any CPU.ActiveCfg = Debug|Any CPU
		{4B2014D7-04BF-4103-881B-64F0B2347397}.Debug|Any CPU.Build.0 = Debug|Any CPU
		{4B2014D7-04BF-4103-881B-64F0B2347397}.Release|Any CPU.ActiveCfg = Release|Any CPU
		{4B2014D7-04BF-4103-881B-64F0B2347397}.Release|Any CPU.Build.0 = Release|Any CPU
		{B7CA3B2B-F6BE-46DB-9B3D-B71B9F4714C1}.Debug|Any CPU.ActiveCfg = Debug|Any CPU
		{B7CA3B2B-F6BE-46DB-9B3D-B71B9F4714C1}.Debug|Any CPU.Build.0 = Debug|Any CPU
		{B7CA3B2B-F6BE-46DB-9B3D-B71B9F4714C1}.Release|Any CPU.ActiveCfg = Release|Any CPU
		{B7CA3B2B-F6BE-46DB-9B3D-B71B9F4714C1}.Release|Any CPU.Build.0 = Release|Any CPU
	EndGlobalSection
	GlobalSection(SolutionProperties) = preSolution
		HideSolutionNode = FALSE
	EndGlobalSection
	GlobalSection(ExtensibilityGlobals) = postSolution
		SolutionGuid = {34565181-92F0-4157-8518-E9133EC10ED0}
	EndGlobalSection
EndGlobal
